
Microsoft Visual Studio Solution File, Format Version 11.00
# Visual Studio 2010
Project("{2150E333-8FDC-42A3-9474-1A3956D46DE8}") = ".NET 4.0", ".NET 4.0", "{B2B1A60E-9F30-4BE7-8D77-89BCCA6DB6ED}"
EndProject
Project("{2150E333-8FDC-42A3-9474-1A3956D46DE8}") = ".NET 3.5", ".NET 3.5", "{B262D09A-B4AA-4B91-A848-067D5C4D8261}"
EndProject
Project("{2150E333-8FDC-42A3-9474-1A3956D46DE8}") = ".NET 2.0", ".NET 2.0", "{4D7373EF-EB12-444E-A7A7-7A083229D2E1}"
EndProject
Project("{FAE04EC0-301F-11D3-BF4B-00C04F79EFBC}") = "GNet", "NET40\GNet\GNet.csproj", "{FE032AE6-4C39-4AD8-A62C-30A790F1DAB5}"
EndProject
Project("{FAE04EC0-301F-11D3-BF4B-00C04F79EFBC}") = "GNet", "NET35\GNet\GNet.csproj", "{D40A6E37-351B-49D9-ABFC-1ED9F3C1933F}"
EndProject
Project("{FAE04EC0-301F-11D3-BF4B-00C04F79EFBC}") = "GNet", "NET20\GNet\GNet.csproj", "{BBD6F534-0C8D-42C7-8FB9-E9AE17922AA1}"
EndProject
Project("{FAE04EC0-301F-11D3-BF4B-00C04F79EFBC}") = "GNet.Lib", "NET40\GNet.Lib\GNet.Lib.csproj", "{9BB4FB5F-5B20-455D-9571-F26B6A4DD582}"
EndProject
Project("{2150E333-8FDC-42A3-9474-1A3956D46DE8}") = "Third-Party Libraries", "Third-Party Libraries", "{5BD54760-CF02-458B-B462-CA10C4EAFEDF}"
EndProject
Project("{FAE04EC0-301F-11D3-BF4B-00C04F79EFBC}") = "HidLibrary", "NET40\HidLibrary\HidLibrary.csproj", "{F5FDAB52-E116-476D-8771-F92E00035688}"
EndProject
Project("{FAE04EC0-301F-11D3-BF4B-00C04F79EFBC}") = "AvalonDock", "NET40\AvalonDock\AvalonDock\AvalonDock.csproj", "{87E61430-4243-45F2-B74E-0A4C096CEBF3}"
EndProject
Project("{FAE04EC0-301F-11D3-BF4B-00C04F79EFBC}") = "AvalonDock.Themes", "NET40\AvalonDock\AvalonDock.Themes\AvalonDock.Themes.csproj", "{3836F4A8-4B35-4F5E-BB0F-DAD374297525}"
EndProject
Project("{FAE04EC0-301F-11D3-BF4B-00C04F79EFBC}") = "ICSharpCode.AvalonEdit", "NET40\AvalonEdit\ICSharpCode.AvalonEdit\ICSharpCode.AvalonEdit.csproj", "{6C55B776-26D4-4DB3-A6AB-87E783B2F3D1}"
EndProject
Project("{2150E333-8FDC-42A3-9474-1A3956D46DE8}") = "Third-Party Libraries", "Third-Party Libraries", "{533F015D-98B0-4BD2-B7FE-7573FF78CF8F}"
EndProject
Project("{2150E333-8FDC-42A3-9474-1A3956D46DE8}") = "Third-Party Libraries", "Third-Party Libraries", "{AD025901-358A-415D-B1C8-75A46C3FE3B4}"
EndProject
Project("{FAE04EC0-301F-11D3-BF4B-00C04F79EFBC}") = "GNet.Lib", "NET35\GNet.Lib\GNet.Lib.csproj", "{48CDB8C0-0183-4C0D-BA77-8DAFE9C940CF}"
EndProject
Project("{FAE04EC0-301F-11D3-BF4B-00C04F79EFBC}") = "HidLibrary", "NET35\HidLibrary\HidLibrary.csproj", "{17FC9C86-FBF4-46FA-A9A4-DA22E43A5B05}"
EndProject
Project("{FAE04EC0-301F-11D3-BF4B-00C04F79EFBC}") = "AvalonDock35", "NET35\AvalonDock\AvalonDock\AvalonDock35.csproj", "{76F6DB40-6231-4FBD-A822-3E3C82D3EC77}"
EndProject
Project("{FAE04EC0-301F-11D3-BF4B-00C04F79EFBC}") = "AvalonDock.Themes35", "NET35\AvalonDock\AvalonDock.Themes\AvalonDock.Themes35.csproj", "{8FBFE159-F34A-49D2-B813-C29E358796C6}"
EndProject
Project("{FAE04EC0-301F-11D3-BF4B-00C04F79EFBC}") = "ICSharpCode.AvalonEdit", "NET35\AvalonEdit\ICSharpCode.AvalonEdit\ICSharpCode.AvalonEdit.csproj", "{A63BC6BC-C7D3-4248-9096-0ADDCEB703A7}"
EndProject
Project("{FAE04EC0-301F-11D3-BF4B-00C04F79EFBC}") = "GNet.Lib", "NET20\GNet.Lib\GNet.Lib.csproj", "{DB692C8B-565E-4F48-B863-DF08971BD8AE}"
EndProject
Project("{FAE04EC0-301F-11D3-BF4B-00C04F79EFBC}") = "HidLibrary", "NET20\HidLibrary\HidLibrary.csproj", "{74EDB42A-BB8D-46E1-A396-F761FFEC0486}"
EndProject
Project("{FAE04EC0-301F-11D3-BF4B-00C04F79EFBC}") = "ICSharpCode.TextEditor", "NET20\ICSharpCode.TextEditor\ICSharpCode.TextEditor.csproj", "{FC86E157-DCD8-4D05-8F79-766BF7555B98}"
EndProject
Project("{8BC9CEB8-8B4A-11D0-8D11-00A0C91BC942}") = "GNetLCD", "NET20\GNetLCD\GNetLCD.vcxproj", "{5F8F73BB-805D-4766-A17C-00D85EE98182}"
EndProject
Project("{8BC9CEB8-8B4A-11D0-8D11-00A0C91BC942}") = "GNetLCD", "NET40\GNetLCD\GNetLCD.vcxproj", "{E00B95BB-117F-4B5C-9F0E-23B96ED365D4}"
EndProject
Global
	GlobalSection(SolutionConfigurationPlatforms) = preSolution
		Debug|Any CPU = Debug|Any CPU
		Debug|Mixed Platforms = Debug|Mixed Platforms
		Debug|Win32 = Debug|Win32
		Debug|x86 = Debug|x86
		Release|Any CPU = Release|Any CPU
		Release|Mixed Platforms = Release|Mixed Platforms
		Release|Win32 = Release|Win32
		Release|x86 = Release|x86
	EndGlobalSection
	GlobalSection(ProjectConfigurationPlatforms) = postSolution
		{FE032AE6-4C39-4AD8-A62C-30A790F1DAB5}.Debug|Any CPU.ActiveCfg = Debug|x86
		{FE032AE6-4C39-4AD8-A62C-30A790F1DAB5}.Debug|Mixed Platforms.ActiveCfg = Debug|x86
		{FE032AE6-4C39-4AD8-A62C-30A790F1DAB5}.Debug|Mixed Platforms.Build.0 = Debug|x86
		{FE032AE6-4C39-4AD8-A62C-30A790F1DAB5}.Debug|Win32.ActiveCfg = Debug|x86
		{FE032AE6-4C39-4AD8-A62C-30A790F1DAB5}.Debug|x86.ActiveCfg = Debug|x86
		{FE032AE6-4C39-4AD8-A62C-30A790F1DAB5}.Debug|x86.Build.0 = Debug|x86
		{FE032AE6-4C39-4AD8-A62C-30A790F1DAB5}.Release|Any CPU.ActiveCfg = Release|x86
		{FE032AE6-4C39-4AD8-A62C-30A790F1DAB5}.Release|Mixed Platforms.ActiveCfg = Release|x86
		{FE032AE6-4C39-4AD8-A62C-30A790F1DAB5}.Release|Mixed Platforms.Build.0 = Release|x86
		{FE032AE6-4C39-4AD8-A62C-30A790F1DAB5}.Release|Win32.ActiveCfg = Release|x86
		{FE032AE6-4C39-4AD8-A62C-30A790F1DAB5}.Release|x86.ActiveCfg = Release|x86
		{FE032AE6-4C39-4AD8-A62C-30A790F1DAB5}.Release|x86.Build.0 = Release|x86
		{D40A6E37-351B-49D9-ABFC-1ED9F3C1933F}.Debug|Any CPU.ActiveCfg = Debug|x86
		{D40A6E37-351B-49D9-ABFC-1ED9F3C1933F}.Debug|Mixed Platforms.ActiveCfg = Debug|x86
		{D40A6E37-351B-49D9-ABFC-1ED9F3C1933F}.Debug|Mixed Platforms.Build.0 = Debug|x86
		{D40A6E37-351B-49D9-ABFC-1ED9F3C1933F}.Debug|Win32.ActiveCfg = Debug|x86
		{D40A6E37-351B-49D9-ABFC-1ED9F3C1933F}.Debug|x86.ActiveCfg = Debug|x86
		{D40A6E37-351B-49D9-ABFC-1ED9F3C1933F}.Debug|x86.Build.0 = Debug|x86
		{D40A6E37-351B-49D9-ABFC-1ED9F3C1933F}.Release|Any CPU.ActiveCfg = Release|x86
		{D40A6E37-351B-49D9-ABFC-1ED9F3C1933F}.Release|Mixed Platforms.ActiveCfg = Release|x86
		{D40A6E37-351B-49D9-ABFC-1ED9F3C1933F}.Release|Mixed Platforms.Build.0 = Release|x86
		{D40A6E37-351B-49D9-ABFC-1ED9F3C1933F}.Release|Win32.ActiveCfg = Release|x86
		{D40A6E37-351B-49D9-ABFC-1ED9F3C1933F}.Release|x86.ActiveCfg = Release|x86
		{D40A6E37-351B-49D9-ABFC-1ED9F3C1933F}.Release|x86.Build.0 = Release|x86
		{BBD6F534-0C8D-42C7-8FB9-E9AE17922AA1}.Debug|Any CPU.ActiveCfg = Debug|x86
		{BBD6F534-0C8D-42C7-8FB9-E9AE17922AA1}.Debug|Mixed Platforms.ActiveCfg = Debug|x86
		{BBD6F534-0C8D-42C7-8FB9-E9AE17922AA1}.Debug|Mixed Platforms.Build.0 = Debug|x86
		{BBD6F534-0C8D-42C7-8FB9-E9AE17922AA1}.Debug|Win32.ActiveCfg = Debug|x86
		{BBD6F534-0C8D-42C7-8FB9-E9AE17922AA1}.Debug|x86.ActiveCfg = Debug|x86
		{BBD6F534-0C8D-42C7-8FB9-E9AE17922AA1}.Debug|x86.Build.0 = Debug|x86
		{BBD6F534-0C8D-42C7-8FB9-E9AE17922AA1}.Release|Any CPU.ActiveCfg = Release|x86
		{BBD6F534-0C8D-42C7-8FB9-E9AE17922AA1}.Release|Mixed Platforms.ActiveCfg = Release|x86
		{BBD6F534-0C8D-42C7-8FB9-E9AE17922AA1}.Release|Mixed Platforms.Build.0 = Release|x86
		{BBD6F534-0C8D-42C7-8FB9-E9AE17922AA1}.Release|Win32.ActiveCfg = Release|x86
		{BBD6F534-0C8D-42C7-8FB9-E9AE17922AA1}.Release|x86.ActiveCfg = Release|x86
		{BBD6F534-0C8D-42C7-8FB9-E9AE17922AA1}.Release|x86.Build.0 = Release|x86
		{9BB4FB5F-5B20-455D-9571-F26B6A4DD582}.Debug|Any CPU.ActiveCfg = Debug|Any CPU
		{9BB4FB5F-5B20-455D-9571-F26B6A4DD582}.Debug|Any CPU.Build.0 = Debug|Any CPU
		{9BB4FB5F-5B20-455D-9571-F26B6A4DD582}.Debug|Mixed Platforms.ActiveCfg = Debug|Any CPU
		{9BB4FB5F-5B20-455D-9571-F26B6A4DD582}.Debug|Mixed Platforms.Build.0 = Debug|Any CPU
		{9BB4FB5F-5B20-455D-9571-F26B6A4DD582}.Debug|Win32.ActiveCfg = Debug|Any CPU
		{9BB4FB5F-5B20-455D-9571-F26B6A4DD582}.Debug|x86.ActiveCfg = Debug|Any CPU
		{9BB4FB5F-5B20-455D-9571-F26B6A4DD582}.Release|Any CPU.ActiveCfg = Release|Any CPU
		{9BB4FB5F-5B20-455D-9571-F26B6A4DD582}.Release|Any CPU.Build.0 = Release|Any CPU
		{9BB4FB5F-5B20-455D-9571-F26B6A4DD582}.Release|Mixed Platforms.ActiveCfg = Release|Any CPU
		{9BB4FB5F-5B20-455D-9571-F26B6A4DD582}.Release|Mixed Platforms.Build.0 = Release|Any CPU
		{9BB4FB5F-5B20-455D-9571-F26B6A4DD582}.Release|Win32.ActiveCfg = Release|Any CPU
		{9BB4FB5F-5B20-455D-9571-F26B6A4DD582}.Release|x86.ActiveCfg = Release|Any CPU
		{F5FDAB52-E116-476D-8771-F92E00035688}.Debug|Any CPU.ActiveCfg = Debug|Any CPU
		{F5FDAB52-E116-476D-8771-F92E00035688}.Debug|Any CPU.Build.0 = Debug|Any CPU
		{F5FDAB52-E116-476D-8771-F92E00035688}.Debug|Mixed Platforms.ActiveCfg = Debug|Any CPU
		{F5FDAB52-E116-476D-8771-F92E00035688}.Debug|Mixed Platforms.Build.0 = Debug|Any CPU
		{F5FDAB52-E116-476D-8771-F92E00035688}.Debug|Win32.ActiveCfg = Debug|Any CPU
		{F5FDAB52-E116-476D-8771-F92E00035688}.Debug|x86.ActiveCfg = Debug|Any CPU
		{F5FDAB52-E116-476D-8771-F92E00035688}.Release|Any CPU.ActiveCfg = Release|Any CPU
		{F5FDAB52-E116-476D-8771-F92E00035688}.Release|Any CPU.Build.0 = Release|Any CPU
		{F5FDAB52-E116-476D-8771-F92E00035688}.Release|Mixed Platforms.ActiveCfg = Release|Any CPU
		{F5FDAB52-E116-476D-8771-F92E00035688}.Release|Mixed Platforms.Build.0 = Release|Any CPU
		{F5FDAB52-E116-476D-8771-F92E00035688}.Release|Win32.ActiveCfg = Release|Any CPU
		{F5FDAB52-E116-476D-8771-F92E00035688}.Release|x86.ActiveCfg = Release|Any CPU
		{87E61430-4243-45F2-B74E-0A4C096CEBF3}.Debug|Any CPU.ActiveCfg = Debug|Any CPU
		{87E61430-4243-45F2-B74E-0A4C096CEBF3}.Debug|Any CPU.Build.0 = Debug|Any CPU
		{87E61430-4243-45F2-B74E-0A4C096CEBF3}.Debug|Mixed Platforms.ActiveCfg = Debug|Any CPU
		{87E61430-4243-45F2-B74E-0A4C096CEBF3}.Debug|Mixed Platforms.Build.0 = Debug|Any CPU
		{87E61430-4243-45F2-B74E-0A4C096CEBF3}.Debug|Win32.ActiveCfg = Debug|Any CPU
		{87E61430-4243-45F2-B74E-0A4C096CEBF3}.Debug|x86.ActiveCfg = Debug|Any CPU
		{87E61430-4243-45F2-B74E-0A4C096CEBF3}.Release|Any CPU.ActiveCfg = Release|Any CPU
		{87E61430-4243-45F2-B74E-0A4C096CEBF3}.Release|Any CPU.Build.0 = Release|Any CPU
		{87E61430-4243-45F2-B74E-0A4C096CEBF3}.Release|Mixed Platforms.ActiveCfg = Release|Any CPU
		{87E61430-4243-45F2-B74E-0A4C096CEBF3}.Release|Mixed Platforms.Build.0 = Release|Any CPU
		{87E61430-4243-45F2-B74E-0A4C096CEBF3}.Release|Win32.ActiveCfg = Release|Any CPU
		{87E61430-4243-45F2-B74E-0A4C096CEBF3}.Release|x86.ActiveCfg = Release|Any CPU
		{3836F4A8-4B35-4F5E-BB0F-DAD374297525}.Debug|Any CPU.ActiveCfg = Debug|Any CPU
		{3836F4A8-4B35-4F5E-BB0F-DAD374297525}.Debug|Any CPU.Build.0 = Debug|Any CPU
		{3836F4A8-4B35-4F5E-BB0F-DAD374297525}.Debug|Mixed Platforms.ActiveCfg = Debug|Any CPU
		{3836F4A8-4B35-4F5E-BB0F-DAD374297525}.Debug|Mixed Platforms.Build.0 = Debug|Any CPU
		{3836F4A8-4B35-4F5E-BB0F-DAD374297525}.Debug|Win32.ActiveCfg = Debug|Any CPU
		{3836F4A8-4B35-4F5E-BB0F-DAD374297525}.Debug|x86.ActiveCfg = Debug|Any CPU
		{3836F4A8-4B35-4F5E-BB0F-DAD374297525}.Release|Any CPU.ActiveCfg = Release|Any CPU
		{3836F4A8-4B35-4F5E-BB0F-DAD374297525}.Release|Any CPU.Build.0 = Release|Any CPU
		{3836F4A8-4B35-4F5E-BB0F-DAD374297525}.Release|Mixed Platforms.ActiveCfg = Release|Any CPU
		{3836F4A8-4B35-4F5E-BB0F-DAD374297525}.Release|Mixed Platforms.Build.0 = Release|Any CPU
		{3836F4A8-4B35-4F5E-BB0F-DAD374297525}.Release|Win32.ActiveCfg = Release|Any CPU
		{3836F4A8-4B35-4F5E-BB0F-DAD374297525}.Release|x86.ActiveCfg = Release|Any CPU
		{6C55B776-26D4-4DB3-A6AB-87E783B2F3D1}.Debug|Any CPU.ActiveCfg = Debug|Any CPU
		{6C55B776-26D4-4DB3-A6AB-87E783B2F3D1}.Debug|Any CPU.Build.0 = Debug|Any CPU
		{6C55B776-26D4-4DB3-A6AB-87E783B2F3D1}.Debug|Mixed Platforms.ActiveCfg = Debug|Any CPU
		{6C55B776-26D4-4DB3-A6AB-87E783B2F3D1}.Debug|Mixed Platforms.Build.0 = Debug|Any CPU
		{6C55B776-26D4-4DB3-A6AB-87E783B2F3D1}.Debug|Win32.ActiveCfg = Debug|Any CPU
		{6C55B776-26D4-4DB3-A6AB-87E783B2F3D1}.Debug|x86.ActiveCfg = Debug|Any CPU
		{6C55B776-26D4-4DB3-A6AB-87E783B2F3D1}.Release|Any CPU.ActiveCfg = Release|Any CPU
		{6C55B776-26D4-4DB3-A6AB-87E783B2F3D1}.Release|Any CPU.Build.0 = Release|Any CPU
		{6C55B776-26D4-4DB3-A6AB-87E783B2F3D1}.Release|Mixed Platforms.ActiveCfg = Release|Any CPU
		{6C55B776-26D4-4DB3-A6AB-87E783B2F3D1}.Release|Mixed Platforms.Build.0 = Release|Any CPU
		{6C55B776-26D4-4DB3-A6AB-87E783B2F3D1}.Release|Win32.ActiveCfg = Release|Any CPU
		{6C55B776-26D4-4DB3-A6AB-87E783B2F3D1}.Release|x86.ActiveCfg = Release|Any CPU
		{48CDB8C0-0183-4C0D-BA77-8DAFE9C940CF}.Debug|Any CPU.ActiveCfg = Debug|Any CPU
		{48CDB8C0-0183-4C0D-BA77-8DAFE9C940CF}.Debug|Any CPU.Build.0 = Debug|Any CPU
		{48CDB8C0-0183-4C0D-BA77-8DAFE9C940CF}.Debug|Mixed Platforms.ActiveCfg = Debug|Any CPU
		{48CDB8C0-0183-4C0D-BA77-8DAFE9C940CF}.Debug|Mixed Platforms.Build.0 = Debug|Any CPU
		{48CDB8C0-0183-4C0D-BA77-8DAFE9C940CF}.Debug|Win32.ActiveCfg = Debug|Any CPU
		{48CDB8C0-0183-4C0D-BA77-8DAFE9C940CF}.Debug|x86.ActiveCfg = Debug|Any CPU
		{48CDB8C0-0183-4C0D-BA77-8DAFE9C940CF}.Release|Any CPU.ActiveCfg = Release|Any CPU
		{48CDB8C0-0183-4C0D-BA77-8DAFE9C940CF}.Release|Any CPU.Build.0 = Release|Any CPU
		{48CDB8C0-0183-4C0D-BA77-8DAFE9C940CF}.Release|Mixed Platforms.ActiveCfg = Release|Any CPU
		{48CDB8C0-0183-4C0D-BA77-8DAFE9C940CF}.Release|Mixed Platforms.Build.0 = Release|Any CPU
		{48CDB8C0-0183-4C0D-BA77-8DAFE9C940CF}.Release|Win32.ActiveCfg = Release|Any CPU
		{48CDB8C0-0183-4C0D-BA77-8DAFE9C940CF}.Release|x86.ActiveCfg = Release|Any CPU
		{17FC9C86-FBF4-46FA-A9A4-DA22E43A5B05}.Debug|Any CPU.ActiveCfg = Debug|Any CPU
		{17FC9C86-FBF4-46FA-A9A4-DA22E43A5B05}.Debug|Any CPU.Build.0 = Debug|Any CPU
		{17FC9C86-FBF4-46FA-A9A4-DA22E43A5B05}.Debug|Mixed Platforms.ActiveCfg = Debug|Any CPU
		{17FC9C86-FBF4-46FA-A9A4-DA22E43A5B05}.Debug|Mixed Platforms.Build.0 = Debug|Any CPU
		{17FC9C86-FBF4-46FA-A9A4-DA22E43A5B05}.Debug|Win32.ActiveCfg = Debug|Any CPU
		{17FC9C86-FBF4-46FA-A9A4-DA22E43A5B05}.Debug|x86.ActiveCfg = Debug|Any CPU
		{17FC9C86-FBF4-46FA-A9A4-DA22E43A5B05}.Release|Any CPU.ActiveCfg = Release|Any CPU
		{17FC9C86-FBF4-46FA-A9A4-DA22E43A5B05}.Release|Any CPU.Build.0 = Release|Any CPU
		{17FC9C86-FBF4-46FA-A9A4-DA22E43A5B05}.Release|Mixed Platforms.ActiveCfg = Release|Any CPU
		{17FC9C86-FBF4-46FA-A9A4-DA22E43A5B05}.Release|Mixed Platforms.Build.0 = Release|Any CPU
		{17FC9C86-FBF4-46FA-A9A4-DA22E43A5B05}.Release|Win32.ActiveCfg = Release|Any CPU
		{17FC9C86-FBF4-46FA-A9A4-DA22E43A5B05}.Release|x86.ActiveCfg = Release|Any CPU
		{76F6DB40-6231-4FBD-A822-3E3C82D3EC77}.Debug|Any CPU.ActiveCfg = Debug|Any CPU
		{76F6DB40-6231-4FBD-A822-3E3C82D3EC77}.Debug|Any CPU.Build.0 = Debug|Any CPU
		{76F6DB40-6231-4FBD-A822-3E3C82D3EC77}.Debug|Mixed Platforms.ActiveCfg = Debug|Any CPU
		{76F6DB40-6231-4FBD-A822-3E3C82D3EC77}.Debug|Mixed Platforms.Build.0 = Debug|Any CPU
		{76F6DB40-6231-4FBD-A822-3E3C82D3EC77}.Debug|Win32.ActiveCfg = Debug|Any CPU
		{76F6DB40-6231-4FBD-A822-3E3C82D3EC77}.Debug|x86.ActiveCfg = Debug|Any CPU
		{76F6DB40-6231-4FBD-A822-3E3C82D3EC77}.Release|Any CPU.ActiveCfg = Release|Any CPU
		{76F6DB40-6231-4FBD-A822-3E3C82D3EC77}.Release|Any CPU.Build.0 = Release|Any CPU
		{76F6DB40-6231-4FBD-A822-3E3C82D3EC77}.Release|Mixed Platforms.ActiveCfg = Release|Any CPU
		{76F6DB40-6231-4FBD-A822-3E3C82D3EC77}.Release|Mixed Platforms.Build.0 = Release|Any CPU
		{76F6DB40-6231-4FBD-A822-3E3C82D3EC77}.Release|Win32.ActiveCfg = Release|Any CPU
		{76F6DB40-6231-4FBD-A822-3E3C82D3EC77}.Release|x86.ActiveCfg = Release|Any CPU
		{8FBFE159-F34A-49D2-B813-C29E358796C6}.Debug|Any CPU.ActiveCfg = Debug|Any CPU
		{8FBFE159-F34A-49D2-B813-C29E358796C6}.Debug|Any CPU.Build.0 = Debug|Any CPU
		{8FBFE159-F34A-49D2-B813-C29E358796C6}.Debug|Mixed Platforms.ActiveCfg = Debug|Any CPU
		{8FBFE159-F34A-49D2-B813-C29E358796C6}.Debug|Mixed Platforms.Build.0 = Debug|Any CPU
		{8FBFE159-F34A-49D2-B813-C29E358796C6}.Debug|Win32.ActiveCfg = Debug|Any CPU
		{8FBFE159-F34A-49D2-B813-C29E358796C6}.Debug|x86.ActiveCfg = Debug|Any CPU
		{8FBFE159-F34A-49D2-B813-C29E358796C6}.Release|Any CPU.ActiveCfg = Release|Any CPU
		{8FBFE159-F34A-49D2-B813-C29E358796C6}.Release|Any CPU.Build.0 = Release|Any CPU
		{8FBFE159-F34A-49D2-B813-C29E358796C6}.Release|Mixed Platforms.ActiveCfg = Release|Any CPU
		{8FBFE159-F34A-49D2-B813-C29E358796C6}.Release|Mixed Platforms.Build.0 = Release|Any CPU
		{8FBFE159-F34A-49D2-B813-C29E358796C6}.Release|Win32.ActiveCfg = Release|Any CPU
		{8FBFE159-F34A-49D2-B813-C29E358796C6}.Release|x86.ActiveCfg = Release|Any CPU
		{A63BC6BC-C7D3-4248-9096-0ADDCEB703A7}.Debug|Any CPU.ActiveCfg = Debug|Any CPU
		{A63BC6BC-C7D3-4248-9096-0ADDCEB703A7}.Debug|Any CPU.Build.0 = Debug|Any CPU
		{A63BC6BC-C7D3-4248-9096-0ADDCEB703A7}.Debug|Mixed Platforms.ActiveCfg = Debug|Any CPU
		{A63BC6BC-C7D3-4248-9096-0ADDCEB703A7}.Debug|Mixed Platforms.Build.0 = Debug|Any CPU
		{A63BC6BC-C7D3-4248-9096-0ADDCEB703A7}.Debug|Win32.ActiveCfg = Debug|Any CPU
		{A63BC6BC-C7D3-4248-9096-0ADDCEB703A7}.Debug|x86.ActiveCfg = Debug|Any CPU
		{A63BC6BC-C7D3-4248-9096-0ADDCEB703A7}.Release|Any CPU.ActiveCfg = Release|Any CPU
		{A63BC6BC-C7D3-4248-9096-0ADDCEB703A7}.Release|Any CPU.Build.0 = Release|Any CPU
		{A63BC6BC-C7D3-4248-9096-0ADDCEB703A7}.Release|Mixed Platforms.ActiveCfg = Release|Any CPU
		{A63BC6BC-C7D3-4248-9096-0ADDCEB703A7}.Release|Mixed Platforms.Build.0 = Release|Any CPU
		{A63BC6BC-C7D3-4248-9096-0ADDCEB703A7}.Release|Win32.ActiveCfg = Release|Any CPU
		{A63BC6BC-C7D3-4248-9096-0ADDCEB703A7}.Release|x86.ActiveCfg = Release|Any CPU
		{DB692C8B-565E-4F48-B863-DF08971BD8AE}.Debug|Any CPU.ActiveCfg = Debug|Any CPU
		{DB692C8B-565E-4F48-B863-DF08971BD8AE}.Debug|Any CPU.Build.0 = Debug|Any CPU
		{DB692C8B-565E-4F48-B863-DF08971BD8AE}.Debug|Mixed Platforms.ActiveCfg = Debug|Any CPU
		{DB692C8B-565E-4F48-B863-DF08971BD8AE}.Debug|Mixed Platforms.Build.0 = Debug|Any CPU
		{DB692C8B-565E-4F48-B863-DF08971BD8AE}.Debug|Win32.ActiveCfg = Debug|Any CPU
		{DB692C8B-565E-4F48-B863-DF08971BD8AE}.Debug|x86.ActiveCfg = Debug|Any CPU
		{DB692C8B-565E-4F48-B863-DF08971BD8AE}.Release|Any CPU.ActiveCfg = Release|Any CPU
		{DB692C8B-565E-4F48-B863-DF08971BD8AE}.Release|Any CPU.Build.0 = Release|Any CPU
		{DB692C8B-565E-4F48-B863-DF08971BD8AE}.Release|Mixed Platforms.ActiveCfg = Release|Any CPU
		{DB692C8B-565E-4F48-B863-DF08971BD8AE}.Release|Mixed Platforms.Build.0 = Release|Any CPU
		{DB692C8B-565E-4F48-B863-DF08971BD8AE}.Release|Win32.ActiveCfg = Release|Any CPU
		{DB692C8B-565E-4F48-B863-DF08971BD8AE}.Release|x86.ActiveCfg = Release|Any CPU
		{74EDB42A-BB8D-46E1-A396-F761FFEC0486}.Debug|Any CPU.ActiveCfg = Debug|Any CPU
		{74EDB42A-BB8D-46E1-A396-F761FFEC0486}.Debug|Any CPU.Build.0 = Debug|Any CPU
		{74EDB42A-BB8D-46E1-A396-F761FFEC0486}.Debug|Mixed Platforms.ActiveCfg = Debug|Any CPU
		{74EDB42A-BB8D-46E1-A396-F761FFEC0486}.Debug|Mixed Platforms.Build.0 = Debug|Any CPU
		{74EDB42A-BB8D-46E1-A396-F761FFEC0486}.Debug|Win32.ActiveCfg = Debug|Any CPU
		{74EDB42A-BB8D-46E1-A396-F761FFEC0486}.Debug|x86.ActiveCfg = Debug|Any CPU
		{74EDB42A-BB8D-46E1-A396-F761FFEC0486}.Release|Any CPU.ActiveCfg = Release|Any CPU
		{74EDB42A-BB8D-46E1-A396-F761FFEC0486}.Release|Any CPU.Build.0 = Release|Any CPU
		{74EDB42A-BB8D-46E1-A396-F761FFEC0486}.Release|Mixed Platforms.ActiveCfg = Release|Any CPU
		{74EDB42A-BB8D-46E1-A396-F761FFEC0486}.Release|Mixed Platforms.Build.0 = Release|Any CPU
		{74EDB42A-BB8D-46E1-A396-F761FFEC0486}.Release|Win32.ActiveCfg = Release|Any CPU
		{74EDB42A-BB8D-46E1-A396-F761FFEC0486}.Release|x86.ActiveCfg = Release|Any CPU
		{FC86E157-DCD8-4D05-8F79-766BF7555B98}.Debug|Any CPU.ActiveCfg = Debug|Any CPU
		{FC86E157-DCD8-4D05-8F79-766BF7555B98}.Debug|Any CPU.Build.0 = Debug|Any CPU
		{FC86E157-DCD8-4D05-8F79-766BF7555B98}.Debug|Mixed Platforms.ActiveCfg = Debug|Any CPU
		{FC86E157-DCD8-4D05-8F79-766BF7555B98}.Debug|Mixed Platforms.Build.0 = Debug|Any CPU
		{FC86E157-DCD8-4D05-8F79-766BF7555B98}.Debug|Win32.ActiveCfg = Debug|Any CPU
		{FC86E157-DCD8-4D05-8F79-766BF7555B98}.Debug|x86.ActiveCfg = Debug|Any CPU
		{FC86E157-DCD8-4D05-8F79-766BF7555B98}.Release|Any CPU.ActiveCfg = Release|Any CPU
		{FC86E157-DCD8-4D05-8F79-766BF7555B98}.Release|Any CPU.Build.0 = Release|Any CPU
		{FC86E157-DCD8-4D05-8F79-766BF7555B98}.Release|Mixed Platforms.ActiveCfg = Release|Any CPU
		{FC86E157-DCD8-4D05-8F79-766BF7555B98}.Release|Mixed Platforms.Build.0 = Release|Any CPU
		{FC86E157-DCD8-4D05-8F79-766BF7555B98}.Release|Win32.ActiveCfg = Release|Any CPU
		{FC86E157-DCD8-4D05-8F79-766BF7555B98}.Release|x86.ActiveCfg = Release|Any CPU
		{5F8F73BB-805D-4766-A17C-00D85EE98182}.Debug|Any CPU.ActiveCfg = Debug|Win32
		{5F8F73BB-805D-4766-A17C-00D85EE98182}.Debug|Mixed Platforms.ActiveCfg = Debug|Win32
		{5F8F73BB-805D-4766-A17C-00D85EE98182}.Debug|Mixed Platforms.Build.0 = Debug|Win32
		{5F8F73BB-805D-4766-A17C-00D85EE98182}.Debug|Win32.ActiveCfg = Debug|Win32
		{5F8F73BB-805D-4766-A17C-00D85EE98182}.Debug|Win32.Build.0 = Debug|Win32
		{5F8F73BB-805D-4766-A17C-00D85EE98182}.Debug|x86.ActiveCfg = Debug|Win32
		{5F8F73BB-805D-4766-A17C-00D85EE98182}.Release|Any CPU.ActiveCfg = Release|Win32
		{5F8F73BB-805D-4766-A17C-00D85EE98182}.Release|Mixed Platforms.ActiveCfg = Release|Win32
		{5F8F73BB-805D-4766-A17C-00D85EE98182}.Release|Mixed Platforms.Build.0 = Release|Win32
		{5F8F73BB-805D-4766-A17C-00D85EE98182}.Release|Win32.ActiveCfg = Release|Win32
		{5F8F73BB-805D-4766-A17C-00D85EE98182}.Release|Win32.Build.0 = Release|Win32
		{5F8F73BB-805D-4766-A17C-00D85EE98182}.Release|x86.ActiveCfg = Release|Win32
		{E00B95BB-117F-4B5C-9F0E-23B96ED365D4}.Debug|Any CPU.ActiveCfg = Debug|Win32
		{E00B95BB-117F-4B5C-9F0E-23B96ED365D4}.Debug|Mixed Platforms.ActiveCfg = Debug|Win32
		{E00B95BB-117F-4B5C-9F0E-23B96ED365D4}.Debug|Mixed Platforms.Build.0 = Debug|Win32
		{E00B95BB-117F-4B5C-9F0E-23B96ED365D4}.Debug|Win32.ActiveCfg = Debug|Win32
		{E00B95BB-117F-4B5C-9F0E-23B96ED365D4}.Debug|Win32.Build.0 = Debug|Win32
		{E00B95BB-117F-4B5C-9F0E-23B96ED365D4}.Debug|x86.ActiveCfg = Debug|Win32
		{E00B95BB-117F-4B5C-9F0E-23B96ED365D4}.Release|Any CPU.ActiveCfg = Release|Win32
		{E00B95BB-117F-4B5C-9F0E-23B96ED365D4}.Release|Mixed Platforms.ActiveCfg = Release|Win32
		{E00B95BB-117F-4B5C-9F0E-23B96ED365D4}.Release|Mixed Platforms.Build.0 = Release|Win32
		{E00B95BB-117F-4B5C-9F0E-23B96ED365D4}.Release|Win32.ActiveCfg = Release|Win32
		{E00B95BB-117F-4B5C-9F0E-23B96ED365D4}.Release|Win32.Build.0 = Release|Win32
		{E00B95BB-117F-4B5C-9F0E-23B96ED365D4}.Release|x86.ActiveCfg = Release|Win32
	EndGlobalSection
	GlobalSection(SolutionProperties) = preSolution
		HideSolutionNode = FALSE
	EndGlobalSection
	GlobalSection(NestedProjects) = preSolution
		{FE032AE6-4C39-4AD8-A62C-30A790F1DAB5} = {B2B1A60E-9F30-4BE7-8D77-89BCCA6DB6ED}
		{9BB4FB5F-5B20-455D-9571-F26B6A4DD582} = {B2B1A60E-9F30-4BE7-8D77-89BCCA6DB6ED}
		{5BD54760-CF02-458B-B462-CA10C4EAFEDF} = {B2B1A60E-9F30-4BE7-8D77-89BCCA6DB6ED}
		{E00B95BB-117F-4B5C-9F0E-23B96ED365D4} = {B2B1A60E-9F30-4BE7-8D77-89BCCA6DB6ED}
		{D40A6E37-351B-49D9-ABFC-1ED9F3C1933F} = {B262D09A-B4AA-4B91-A848-067D5C4D8261}
		{533F015D-98B0-4BD2-B7FE-7573FF78CF8F} = {B262D09A-B4AA-4B91-A848-067D5C4D8261}
		{48CDB8C0-0183-4C0D-BA77-8DAFE9C940CF} = {B262D09A-B4AA-4B91-A848-067D5C4D8261}
		{BBD6F534-0C8D-42C7-8FB9-E9AE17922AA1} = {4D7373EF-EB12-444E-A7A7-7A083229D2E1}
		{AD025901-358A-415D-B1C8-75A46C3FE3B4} = {4D7373EF-EB12-444E-A7A7-7A083229D2E1}
		{DB692C8B-565E-4F48-B863-DF08971BD8AE} = {4D7373EF-EB12-444E-A7A7-7A083229D2E1}
		{5F8F73BB-805D-4766-A17C-00D85EE98182} = {4D7373EF-EB12-444E-A7A7-7A083229D2E1}
		{F5FDAB52-E116-476D-8771-F92E00035688} = {5BD54760-CF02-458B-B462-CA10C4EAFEDF}
		{87E61430-4243-45F2-B74E-0A4C096CEBF3} = {5BD54760-CF02-458B-B462-CA10C4EAFEDF}
		{3836F4A8-4B35-4F5E-BB0F-DAD374297525} = {5BD54760-CF02-458B-B462-CA10C4EAFEDF}
		{6C55B776-26D4-4DB3-A6AB-87E783B2F3D1} = {5BD54760-CF02-458B-B462-CA10C4EAFEDF}
		{17FC9C86-FBF4-46FA-A9A4-DA22E43A5B05} = {533F015D-98B0-4BD2-B7FE-7573FF78CF8F}
		{76F6DB40-6231-4FBD-A822-3E3C82D3EC77} = {533F015D-98B0-4BD2-B7FE-7573FF78CF8F}
		{8FBFE159-F34A-49D2-B813-C29E358796C6} = {533F015D-98B0-4BD2-B7FE-7573FF78CF8F}
		{A63BC6BC-C7D3-4248-9096-0ADDCEB703A7} = {533F015D-98B0-4BD2-B7FE-7573FF78CF8F}
		{74EDB42A-BB8D-46E1-A396-F761FFEC0486} = {AD025901-358A-415D-B1C8-75A46C3FE3B4}
		{FC86E157-DCD8-4D05-8F79-766BF7555B98} = {AD025901-358A-415D-B1C8-75A46C3FE3B4}
	EndGlobalSection
EndGlobal
