
Microsoft Visual Studio Solution File, Format Version 11.00
# Visual Studio 2010
Project("{8BC9CEB8-8B4A-11D0-8D11-00A0C91BC942}") = "GNet.Lcd.NET40", "src\GNet.Lcd.NET40.vcxproj", "{194926D5-D68E-4AA2-BAA0-18769D36AA32}"
EndProject
Global
	GlobalSection(SolutionConfigurationPlatforms) = preSolution
		Debug|Win32 = Debug|Win32
		Release|Win32 = Release|Win32
	EndGlobalSection
	GlobalSection(ProjectConfigurationPlatforms) = postSolution
		{194926D5-D68E-4AA2-BAA0-18769D36AA32}.Debug|Win32.ActiveCfg = Debug|Win32
		{194926D5-D68E-4AA2-BAA0-18769D36AA32}.Debug|Win32.Build.0 = Debug|Win32
		{194926D5-D68E-4AA2-BAA0-18769D36AA32}.Release|Win32.ActiveCfg = Release|Win32
		{194926D5-D68E-4AA2-BAA0-18769D36AA32}.Release|Win32.Build.0 = Release|Win32
	EndGlobalSection
	GlobalSection(SolutionProperties) = preSolution
		HideSolutionNode = FALSE
	EndGlobalSection
EndGlobal
