Microsoft Visual Studio Solution File, Format Version 11.00
# Visual Studio 2010
Project("{FAE04EC0-301F-11D3-BF4B-00C04F79EFBC}") = "GNet.NET20", "src\GNet.NET20.csproj", "{FF28C173-6627-4E9C-89D2-89B65C09A124}"
EndProject
Project("{8BC9CEB8-8B4A-11D0-8D11-00A0C91BC942}") = "GNet.Lcd.NET20", "..\GNet.Lcd\src\GNet.Lcd.NET20.vcxproj", "{D9EFD650-E1B3-45D8-A700-B2F2B092F23F}"
EndProject
Global
	GlobalSection(SolutionConfigurationPlatforms) = preSolution
		Debug|Mixed Platforms = Debug|Mixed Platforms
		Debug|Win32 = Debug|Win32
		Debug|x86 = Debug|x86
		Release|Mixed Platforms = Release|Mixed Platforms
		Release|Win32 = Release|Win32
		Release|x86 = Release|x86
	EndGlobalSection
	GlobalSection(ProjectConfigurationPlatforms) = postSolution
		{FF28C173-6627-4E9C-89D2-89B65C09A124}.Debug|Mixed Platforms.ActiveCfg = Debug|x86
		{FF28C173-6627-4E9C-89D2-89B65C09A124}.Debug|Mixed Platforms.Build.0 = Debug|x86
		{FF28C173-6627-4E9C-89D2-89B65C09A124}.Debug|Win32.ActiveCfg = Debug|x86
		{FF28C173-6627-4E9C-89D2-89B65C09A124}.Debug|x86.ActiveCfg = Debug|x86
		{FF28C173-6627-4E9C-89D2-89B65C09A124}.Debug|x86.Build.0 = Debug|x86
		{FF28C173-6627-4E9C-89D2-89B65C09A124}.Release|Mixed Platforms.ActiveCfg = Release|x86
		{FF28C173-6627-4E9C-89D2-89B65C09A124}.Release|Mixed Platforms.Build.0 = Release|x86
		{FF28C173-6627-4E9C-89D2-89B65C09A124}.Release|Win32.ActiveCfg = Release|x86
		{FF28C173-6627-4E9C-89D2-89B65C09A124}.Release|x86.ActiveCfg = Release|x86
		{FF28C173-6627-4E9C-89D2-89B65C09A124}.Release|x86.Build.0 = Release|x86
		{D9EFD650-E1B3-45D8-A700-B2F2B092F23F}.Debug|Mixed Platforms.ActiveCfg = Debug|Win32
		{D9EFD650-E1B3-45D8-A700-B2F2B092F23F}.Debug|Mixed Platforms.Build.0 = Debug|Win32
		{D9EFD650-E1B3-45D8-A700-B2F2B092F23F}.Debug|Win32.ActiveCfg = Debug|Win32
		{D9EFD650-E1B3-45D8-A700-B2F2B092F23F}.Debug|Win32.Build.0 = Debug|Win32
		{D9EFD650-E1B3-45D8-A700-B2F2B092F23F}.Debug|x86.ActiveCfg = Debug|Win32
		{D9EFD650-E1B3-45D8-A700-B2F2B092F23F}.Release|Mixed Platforms.ActiveCfg = Release|Win32
		{D9EFD650-E1B3-45D8-A700-B2F2B092F23F}.Release|Mixed Platforms.Build.0 = Release|Win32
		{D9EFD650-E1B3-45D8-A700-B2F2B092F23F}.Release|Win32.ActiveCfg = Release|Win32
		{D9EFD650-E1B3-45D8-A700-B2F2B092F23F}.Release|Win32.Build.0 = Release|Win32
		{D9EFD650-E1B3-45D8-A700-B2F2B092F23F}.Release|x86.ActiveCfg = Release|Win32
	EndGlobalSection
	GlobalSection(SolutionProperties) = preSolution
		HideSolutionNode = FALSE
	EndGlobalSection
EndGlobal
