
Microsoft Visual Studio Solution File, Format Version 11.00
# Visual Studio 2010
Project("{8BC9CEB8-8B4A-11D0-8D11-00A0C91BC942}") = "GNetLCD", "GNetLCD\GNetLCD.vcxproj", "{678A86B6-8E00-45DB-8D94-9D02EB173D18}"
EndProject
Project("{FAE04EC0-301F-11D3-BF4B-00C04F79EFBC}") = "GNetLCD.TestApp", "GNetLCD.TestApp\GNetLCD.TestApp.csproj", "{F60B2E0F-D3D6-486C-BF90-B48DBE8DA56C}"
EndProject
Global
	GlobalSection(SolutionConfigurationPlatforms) = preSolution
		Debug|Mixed Platforms = Debug|Mixed Platforms
		Debug|Win32 = Debug|Win32
		Debug|x86 = Debug|x86
		Release|Mixed Platforms = Release|Mixed Platforms
		Release|Win32 = Release|Win32
		Release|x86 = Release|x86
	EndGlobalSection
	GlobalSection(ProjectConfigurationPlatforms) = postSolution
		{678A86B6-8E00-45DB-8D94-9D02EB173D18}.Debug|Mixed Platforms.ActiveCfg = Debug|Win32
		{678A86B6-8E00-45DB-8D94-9D02EB173D18}.Debug|Mixed Platforms.Build.0 = Debug|Win32
		{678A86B6-8E00-45DB-8D94-9D02EB173D18}.Debug|Win32.ActiveCfg = Debug|Win32
		{678A86B6-8E00-45DB-8D94-9D02EB173D18}.Debug|Win32.Build.0 = Debug|Win32
		{678A86B6-8E00-45DB-8D94-9D02EB173D18}.Debug|x86.ActiveCfg = Debug|Win32
		{678A86B6-8E00-45DB-8D94-9D02EB173D18}.Release|Mixed Platforms.ActiveCfg = Release|Win32
		{678A86B6-8E00-45DB-8D94-9D02EB173D18}.Release|Mixed Platforms.Build.0 = Release|Win32
		{678A86B6-8E00-45DB-8D94-9D02EB173D18}.Release|Win32.ActiveCfg = Release|Win32
		{678A86B6-8E00-45DB-8D94-9D02EB173D18}.Release|Win32.Build.0 = Release|Win32
		{678A86B6-8E00-45DB-8D94-9D02EB173D18}.Release|x86.ActiveCfg = Release|Win32
		{F60B2E0F-D3D6-486C-BF90-B48DBE8DA56C}.Debug|Mixed Platforms.ActiveCfg = Debug|x86
		{F60B2E0F-D3D6-486C-BF90-B48DBE8DA56C}.Debug|Mixed Platforms.Build.0 = Debug|x86
		{F60B2E0F-D3D6-486C-BF90-B48DBE8DA56C}.Debug|Win32.ActiveCfg = Debug|x86
		{F60B2E0F-D3D6-486C-BF90-B48DBE8DA56C}.Debug|x86.ActiveCfg = Debug|x86
		{F60B2E0F-D3D6-486C-BF90-B48DBE8DA56C}.Debug|x86.Build.0 = Debug|x86
		{F60B2E0F-D3D6-486C-BF90-B48DBE8DA56C}.Release|Mixed Platforms.ActiveCfg = Release|x86
		{F60B2E0F-D3D6-486C-BF90-B48DBE8DA56C}.Release|Mixed Platforms.Build.0 = Release|x86
		{F60B2E0F-D3D6-486C-BF90-B48DBE8DA56C}.Release|Win32.ActiveCfg = Release|x86
		{F60B2E0F-D3D6-486C-BF90-B48DBE8DA56C}.Release|x86.ActiveCfg = Release|x86
		{F60B2E0F-D3D6-486C-BF90-B48DBE8DA56C}.Release|x86.Build.0 = Release|x86
	EndGlobalSection
	GlobalSection(SolutionProperties) = preSolution
		HideSolutionNode = FALSE
	EndGlobalSection
EndGlobal
